// !$*UTF8*$!
{
	archiveVersion = 1;
	classes = {
	};
	objectVersion = 56;
	objects = {

/* Begin PBXBuildFile section */
		0C0A99972A1820A000132D3A /* TitleCollectionViewCell.swift in Sources */ = {isa = PBXBuildFile; fileRef = 0C0A99962A1820A000132D3A /* TitleCollectionViewCell.swift */; };
		0C0A999A2A195B7D00132D3A /* SDWebImage in Frameworks */ = {isa = PBXBuildFile; productRef = 0C0A99992A195B7D00132D3A /* SDWebImage */; };
		0C0A999C2A195B7D00132D3A /* SDWebImageMapKit in Frameworks */ = {isa = PBXBuildFile; productRef = 0C0A999B2A195B7D00132D3A /* SDWebImageMapKit */; };
		0C16E44E2A288C4400CC7440 /* TitleTableViewCell.swift in Sources */ = {isa = PBXBuildFile; fileRef = 0C16E44D2A288C4400CC7440 /* TitleTableViewCell.swift */; };
		0C16E4502A28C43800CC7440 /* TitleViewModel.swift in Sources */ = {isa = PBXBuildFile; fileRef = 0C16E44F2A28C43800CC7440 /* TitleViewModel.swift */; };
		0C380E0C2A0A4F1200C6F1C3 /* Movie.swift in Sources */ = {isa = PBXBuildFile; fileRef = 0C380E0B2A0A4F1200C6F1C3 /* Movie.swift */; };
		0CA1FA0C2A0711BC006C41A4 /* APICaller.swift in Sources */ = {isa = PBXBuildFile; fileRef = 0CA1FA0B2A0711BC006C41A4 /* APICaller.swift */; };
		0CD611D829FDB68000CE8289 /* CollectionViewTableViewCell.swift in Sources */ = {isa = PBXBuildFile; fileRef = 0CD611D729FDB68000CE8289 /* CollectionViewTableViewCell.swift */; };
		0CD611DA29FF189C00CE8289 /* HeroHeaderUIView.swift in Sources */ = {isa = PBXBuildFile; fileRef = 0CD611D929FF189C00CE8289 /* HeroHeaderUIView.swift */; };
		0CE9346929F8708D00BCCAEA /* AppDelegate.swift in Sources */ = {isa = PBXBuildFile; fileRef = 0CE9346829F8708D00BCCAEA /* AppDelegate.swift */; };
		0CE9346B29F8708D00BCCAEA /* SceneDelegate.swift in Sources */ = {isa = PBXBuildFile; fileRef = 0CE9346A29F8708D00BCCAEA /* SceneDelegate.swift */; };
		0CE9346D29F8708D00BCCAEA /* MainTabBarViewController.swift in Sources */ = {isa = PBXBuildFile; fileRef = 0CE9346C29F8708D00BCCAEA /* MainTabBarViewController.swift */; };
		0CE9347229F8708D00BCCAEA /* Assets.xcassets in Resources */ = {isa = PBXBuildFile; fileRef = 0CE9347129F8708D00BCCAEA /* Assets.xcassets */; };
		0CE9347529F8708D00BCCAEA /* LaunchScreen.storyboard in Resources */ = {isa = PBXBuildFile; fileRef = 0CE9347329F8708D00BCCAEA /* LaunchScreen.storyboard */; };
		0CE9347E29F8746D00BCCAEA /* HomeViewController.swift in Sources */ = {isa = PBXBuildFile; fileRef = 0CE9347D29F8746D00BCCAEA /* HomeViewController.swift */; };
		0CE9348029F87DBB00BCCAEA /* UpcomingViewController.swift in Sources */ = {isa = PBXBuildFile; fileRef = 0CE9347F29F87DBB00BCCAEA /* UpcomingViewController.swift */; };
		0CE9348329F87DEC00BCCAEA /* SearchViewController.swift in Sources */ = {isa = PBXBuildFile; fileRef = 0CE9348229F87DEC00BCCAEA /* SearchViewController.swift */; };
		0CE9348529F87E2400BCCAEA /* DownloadsViewController.swift in Sources */ = {isa = PBXBuildFile; fileRef = 0CE9348429F87E2400BCCAEA /* DownloadsViewController.swift */; };
		0CEA73132A0BB9C800DC7D03 /* Extensions.swift in Sources */ = {isa = PBXBuildFile; fileRef = 0CEA73122A0BB9C800DC7D03 /* Extensions.swift */; };
/* End PBXBuildFile section */

/* Begin PBXFileReference section */
		0C0A99962A1820A000132D3A /* TitleCollectionViewCell.swift */ = {isa = PBXFileReference; lastKnownFileType = sourcecode.swift; path = TitleCollectionViewCell.swift; sourceTree = "<group>"; };
		0C16E44D2A288C4400CC7440 /* TitleTableViewCell.swift */ = {isa = PBXFileReference; lastKnownFileType = sourcecode.swift; path = TitleTableViewCell.swift; sourceTree = "<group>"; };
		0C16E44F2A28C43800CC7440 /* TitleViewModel.swift */ = {isa = PBXFileReference; lastKnownFileType = sourcecode.swift; path = TitleViewModel.swift; sourceTree = "<group>"; };
		0C380E0B2A0A4F1200C6F1C3 /* Movie.swift */ = {isa = PBXFileReference; lastKnownFileType = sourcecode.swift; path = Movie.swift; sourceTree = "<group>"; };
		0CA1FA0B2A0711BC006C41A4 /* APICaller.swift */ = {isa = PBXFileReference; lastKnownFileType = sourcecode.swift; path = APICaller.swift; sourceTree = "<group>"; };
		0CD611D729FDB68000CE8289 /* CollectionViewTableViewCell.swift */ = {isa = PBXFileReference; lastKnownFileType = sourcecode.swift; path = CollectionViewTableViewCell.swift; sourceTree = "<group>"; };
		0CD611D929FF189C00CE8289 /* HeroHeaderUIView.swift */ = {isa = PBXFileReference; lastKnownFileType = sourcecode.swift; path = HeroHeaderUIView.swift; sourceTree = "<group>"; };
		0CE9346529F8708D00BCCAEA /* Netflix-UIKit.app */ = {isa = PBXFileReference; explicitFileType = wrapper.application; includeInIndex = 0; path = "Netflix-UIKit.app"; sourceTree = BUILT_PRODUCTS_DIR; };
		0CE9346829F8708D00BCCAEA /* AppDelegate.swift */ = {isa = PBXFileReference; lastKnownFileType = sourcecode.swift; path = AppDelegate.swift; sourceTree = "<group>"; };
		0CE9346A29F8708D00BCCAEA /* SceneDelegate.swift */ = {isa = PBXFileReference; lastKnownFileType = sourcecode.swift; path = SceneDelegate.swift; sourceTree = "<group>"; };
		0CE9346C29F8708D00BCCAEA /* MainTabBarViewController.swift */ = {isa = PBXFileReference; lastKnownFileType = sourcecode.swift; path = MainTabBarViewController.swift; sourceTree = "<group>"; };
		0CE9347129F8708D00BCCAEA /* Assets.xcassets */ = {isa = PBXFileReference; lastKnownFileType = folder.assetcatalog; path = Assets.xcassets; sourceTree = "<group>"; };
		0CE9347429F8708D00BCCAEA /* Base */ = {isa = PBXFileReference; lastKnownFileType = file.storyboard; name = Base; path = Base.lproj/LaunchScreen.storyboard; sourceTree = "<group>"; };
		0CE9347629F8708D00BCCAEA /* Info.plist */ = {isa = PBXFileReference; lastKnownFileType = text.plist.xml; path = Info.plist; sourceTree = "<group>"; };
		0CE9347D29F8746D00BCCAEA /* HomeViewController.swift */ = {isa = PBXFileReference; lastKnownFileType = sourcecode.swift; path = HomeViewController.swift; sourceTree = "<group>"; };
		0CE9347F29F87DBB00BCCAEA /* UpcomingViewController.swift */ = {isa = PBXFileReference; lastKnownFileType = sourcecode.swift; path = UpcomingViewController.swift; sourceTree = "<group>"; };
		0CE9348229F87DEC00BCCAEA /* SearchViewController.swift */ = {isa = PBXFileReference; lastKnownFileType = sourcecode.swift; path = SearchViewController.swift; sourceTree = "<group>"; };
		0CE9348429F87E2400BCCAEA /* DownloadsViewController.swift */ = {isa = PBXFileReference; lastKnownFileType = sourcecode.swift; path = DownloadsViewController.swift; sourceTree = "<group>"; };
		0CEA73122A0BB9C800DC7D03 /* Extensions.swift */ = {isa = PBXFileReference; lastKnownFileType = sourcecode.swift; path = Extensions.swift; sourceTree = "<group>"; };
/* End PBXFileReference section */

/* Begin PBXFrameworksBuildPhase section */
		0CE9346229F8708D00BCCAEA /* Frameworks */ = {
			isa = PBXFrameworksBuildPhase;
			buildActionMask = 2147483647;
			files = (
				0C0A999C2A195B7D00132D3A /* SDWebImageMapKit in Frameworks */,
				0C0A999A2A195B7D00132D3A /* SDWebImage in Frameworks */,
			);
			runOnlyForDeploymentPostprocessing = 0;
		};
/* End PBXFrameworksBuildPhase section */

/* Begin PBXGroup section */
		0CD611D229FDB38D00CE8289 /* View */ = {
			isa = PBXGroup;
			children = (
				0CD611D729FDB68000CE8289 /* CollectionViewTableViewCell.swift */,
				0CD611D929FF189C00CE8289 /* HeroHeaderUIView.swift */,
				0C0A99962A1820A000132D3A /* TitleCollectionViewCell.swift */,
				0C16E44D2A288C4400CC7440 /* TitleTableViewCell.swift */,
			);
			path = View;
			sourceTree = "<group>";
		};
		0CD611D329FDB39300CE8289 /* ViewModel */ = {
			isa = PBXGroup;
			children = (
				0C16E44F2A28C43800CC7440 /* TitleViewModel.swift */,
			);
			path = ViewModel;
			sourceTree = "<group>";
		};
		0CD611D429FDB5D900CE8289 /* Models */ = {
			isa = PBXGroup;
			children = (
				0C380E0B2A0A4F1200C6F1C3 /* Movie.swift */,
			);
			path = Models;
			sourceTree = "<group>";
		};
		0CD611D529FDB61A00CE8289 /* Resources */ = {
			isa = PBXGroup;
			children = (
				0CEA73122A0BB9C800DC7D03 /* Extensions.swift */,
			);
			path = Resources;
			sourceTree = "<group>";
		};
		0CD611D629FDB62900CE8289 /* Managers */ = {
			isa = PBXGroup;
			children = (
				0CA1FA0B2A0711BC006C41A4 /* APICaller.swift */,
			);
			path = Managers;
			sourceTree = "<group>";
		};
		0CE9345C29F8708D00BCCAEA = {
			isa = PBXGroup;
			children = (
				0CE9346729F8708D00BCCAEA /* Netflix-UIKit */,
				0CE9346629F8708D00BCCAEA /* Products */,
			);
			sourceTree = "<group>";
		};
		0CE9346629F8708D00BCCAEA /* Products */ = {
			isa = PBXGroup;
			children = (
				0CE9346529F8708D00BCCAEA /* Netflix-UIKit.app */,
			);
			name = Products;
			sourceTree = "<group>";
		};
		0CE9346729F8708D00BCCAEA /* Netflix-UIKit */ = {
			isa = PBXGroup;
			children = (
				0CD611D629FDB62900CE8289 /* Managers */,
				0CD611D529FDB61A00CE8289 /* Resources */,
				0CD611D429FDB5D900CE8289 /* Models */,
				0CD611D229FDB38D00CE8289 /* View */,
				0CD611D329FDB39300CE8289 /* ViewModel */,
				0CE9347C29F8745100BCCAEA /* Controllers */,
				0CE9346829F8708D00BCCAEA /* AppDelegate.swift */,
				0CE9346A29F8708D00BCCAEA /* SceneDelegate.swift */,
				0CE9346C29F8708D00BCCAEA /* MainTabBarViewController.swift */,
				0CE9347129F8708D00BCCAEA /* Assets.xcassets */,
				0CE9347329F8708D00BCCAEA /* LaunchScreen.storyboard */,
				0CE9347629F8708D00BCCAEA /* Info.plist */,
			);
			path = "Netflix-UIKit";
			sourceTree = "<group>";
		};
		0CE9347C29F8745100BCCAEA /* Controllers */ = {
			isa = PBXGroup;
			children = (
				0CE9347D29F8746D00BCCAEA /* HomeViewController.swift */,
				0CE9347F29F87DBB00BCCAEA /* UpcomingViewController.swift */,
				0CE9348229F87DEC00BCCAEA /* SearchViewController.swift */,
				0CE9348429F87E2400BCCAEA /* DownloadsViewController.swift */,
			);
			path = Controllers;
			sourceTree = "<group>";
		};
/* End PBXGroup section */

/* Begin PBXNativeTarget section */
		0CE9346429F8708D00BCCAEA /* Netflix-UIKit */ = {
			isa = PBXNativeTarget;
			buildConfigurationList = 0CE9347929F8708D00BCCAEA /* Build configuration list for PBXNativeTarget "Netflix-UIKit" */;
			buildPhases = (
				0CE9346129F8708D00BCCAEA /* Sources */,
				0CE9346229F8708D00BCCAEA /* Frameworks */,
				0CE9346329F8708D00BCCAEA /* Resources */,
			);
			buildRules = (
			);
			dependencies = (
			);
			name = "Netflix-UIKit";
			packageProductDependencies = (
				0C0A99992A195B7D00132D3A /* SDWebImage */,
				0C0A999B2A195B7D00132D3A /* SDWebImageMapKit */,
			);
			productName = "Netflix-UIKit";
			productReference = 0CE9346529F8708D00BCCAEA /* Netflix-UIKit.app */;
			productType = "com.apple.product-type.application";
		};
/* End PBXNativeTarget section */

/* Begin PBXProject section */
		0CE9345D29F8708D00BCCAEA /* Project object */ = {
			isa = PBXProject;
			attributes = {
				BuildIndependentTargetsInParallel = 1;
				LastSwiftUpdateCheck = 1420;
				LastUpgradeCheck = 1420;
				TargetAttributes = {
					0CE9346429F8708D00BCCAEA = {
						CreatedOnToolsVersion = 14.2;
					};
				};
			};
			buildConfigurationList = 0CE9346029F8708D00BCCAEA /* Build configuration list for PBXProject "Netflix-UIKit" */;
			compatibilityVersion = "Xcode 14.0";
			developmentRegion = en;
			hasScannedForEncodings = 0;
			knownRegions = (
				en,
				Base,
			);
			mainGroup = 0CE9345C29F8708D00BCCAEA;
			packageReferences = (
				0C0A99982A195B7D00132D3A /* XCRemoteSwiftPackageReference "SDWebImage" */,
			);
			productRefGroup = 0CE9346629F8708D00BCCAEA /* Products */;
			projectDirPath = "";
			projectRoot = "";
			targets = (
				0CE9346429F8708D00BCCAEA /* Netflix-UIKit */,
			);
		};
/* End PBXProject section */

/* Begin PBXResourcesBuildPhase section */
		0CE9346329F8708D00BCCAEA /* Resources */ = {
			isa = PBXResourcesBuildPhase;
			buildActionMask = 2147483647;
			files = (
				0CE9347529F8708D00BCCAEA /* LaunchScreen.storyboard in Resources */,
				0CE9347229F8708D00BCCAEA /* Assets.xcassets in Resources */,
			);
			runOnlyForDeploymentPostprocessing = 0;
		};
/* End PBXResourcesBuildPhase section */

/* Begin PBXSourcesBuildPhase section */
		0CE9346129F8708D00BCCAEA /* Sources */ = {
			isa = PBXSourcesBuildPhase;
			buildActionMask = 2147483647;
			files = (
				0C16E44E2A288C4400CC7440 /* TitleTableViewCell.swift in Sources */,
				0CE9348329F87DEC00BCCAEA /* SearchViewController.swift in Sources */,
				0C0A99972A1820A000132D3A /* TitleCollectionViewCell.swift in Sources */,
				0CE9346D29F8708D00BCCAEA /* MainTabBarViewController.swift in Sources */,
				0CD611D829FDB68000CE8289 /* CollectionViewTableViewCell.swift in Sources */,
				0CA1FA0C2A0711BC006C41A4 /* APICaller.swift in Sources */,
				0CD611DA29FF189C00CE8289 /* HeroHeaderUIView.swift in Sources */,
				0CE9348529F87E2400BCCAEA /* DownloadsViewController.swift in Sources */,
				0CE9346929F8708D00BCCAEA /* AppDelegate.swift in Sources */,
				0CEA73132A0BB9C800DC7D03 /* Extensions.swift in Sources */,
				0CE9346B29F8708D00BCCAEA /* SceneDelegate.swift in Sources */,
				0C380E0C2A0A4F1200C6F1C3 /* Movie.swift in Sources */,
				0CE9348029F87DBB00BCCAEA /* UpcomingViewController.swift in Sources */,
				0CE9347E29F8746D00BCCAEA /* HomeViewController.swift in Sources */,
				0C16E4502A28C43800CC7440 /* TitleViewModel.swift in Sources */,
			);
			runOnlyForDeploymentPostprocessing = 0;
		};
/* End PBXSourcesBuildPhase section */

/* Begin PBXVariantGroup section */
		0CE9347329F8708D00BCCAEA /* LaunchScreen.storyboard */ = {
			isa = PBXVariantGroup;
			children = (
				0CE9347429F8708D00BCCAEA /* Base */,
			);
			name = LaunchScreen.storyboard;
			sourceTree = "<group>";
		};
/* End PBXVariantGroup section */

/* Begin XCBuildConfiguration section */
		0CE9347729F8708D00BCCAEA /* Debug */ = {
			isa = XCBuildConfiguration;
			buildSettings = {
				ALWAYS_SEARCH_USER_PATHS = NO;
				CLANG_ANALYZER_NONNULL = YES;
				CLANG_ANALYZER_NUMBER_OBJECT_CONVERSION = YES_AGGRESSIVE;
				CLANG_CXX_LANGUAGE_STANDARD = "gnu++20";
				CLANG_ENABLE_MODULES = YES;
				CLANG_ENABLE_OBJC_ARC = YES;
				CLANG_ENABLE_OBJC_WEAK = YES;
				CLANG_WARN_BLOCK_CAPTURE_AUTORELEASING = YES;
				CLANG_WARN_BOOL_CONVERSION = YES;
				CLANG_WARN_COMMA = YES;
				CLANG_WARN_CONSTANT_CONVERSION = YES;
				CLANG_WARN_DEPRECATED_OBJC_IMPLEMENTATIONS = YES;
				CLANG_WARN_DIRECT_OBJC_ISA_USAGE = YES_ERROR;
				CLANG_WARN_DOCUMENTATION_COMMENTS = YES;
				CLANG_WARN_EMPTY_BODY = YES;
				CLANG_WARN_ENUM_CONVERSION = YES;
				CLANG_WARN_INFINITE_RECURSION = YES;
				CLANG_WARN_INT_CONVERSION = YES;
				CLANG_WARN_NON_LITERAL_NULL_CONVERSION = YES;
				CLANG_WARN_OBJC_IMPLICIT_RETAIN_SELF = YES;
				CLANG_WARN_OBJC_LITERAL_CONVERSION = YES;
				CLANG_WARN_OBJC_ROOT_CLASS = YES_ERROR;
				CLANG_WARN_QUOTED_INCLUDE_IN_FRAMEWORK_HEADER = YES;
				CLANG_WARN_RANGE_LOOP_ANALYSIS = YES;
				CLANG_WARN_STRICT_PROTOTYPES = YES;
				CLANG_WARN_SUSPICIOUS_MOVE = YES;
				CLANG_WARN_UNGUARDED_AVAILABILITY = YES_AGGRESSIVE;
				CLANG_WARN_UNREACHABLE_CODE = YES;
				CLANG_WARN__DUPLICATE_METHOD_MATCH = YES;
				COPY_PHASE_STRIP = NO;
				DEBUG_INFORMATION_FORMAT = dwarf;
				ENABLE_STRICT_OBJC_MSGSEND = YES;
				ENABLE_TESTABILITY = YES;
				GCC_C_LANGUAGE_STANDARD = gnu11;
				GCC_DYNAMIC_NO_PIC = NO;
				GCC_NO_COMMON_BLOCKS = YES;
				GCC_OPTIMIZATION_LEVEL = 0;
				GCC_PREPROCESSOR_DEFINITIONS = (
					"DEBUG=1",
					"$(inherited)",
				);
				GCC_WARN_64_TO_32_BIT_CONVERSION = YES;
				GCC_WARN_ABOUT_RETURN_TYPE = YES_ERROR;
				GCC_WARN_UNDECLARED_SELECTOR = YES;
				GCC_WARN_UNINITIALIZED_AUTOS = YES_AGGRESSIVE;
				GCC_WARN_UNUSED_FUNCTION = YES;
				GCC_WARN_UNUSED_VARIABLE = YES;
				IPHONEOS_DEPLOYMENT_TARGET = 16.2;
				MTL_ENABLE_DEBUG_INFO = INCLUDE_SOURCE;
				MTL_FAST_MATH = YES;
				ONLY_ACTIVE_ARCH = YES;
				SDKROOT = iphoneos;
				SWIFT_ACTIVE_COMPILATION_CONDITIONS = DEBUG;
				SWIFT_OPTIMIZATION_LEVEL = "-Onone";
			};
			name = Debug;
		};
		0CE9347829F8708D00BCCAEA /* Release */ = {
			isa = XCBuildConfiguration;
			buildSettings = {
				ALWAYS_SEARCH_USER_PATHS = NO;
				CLANG_ANALYZER_NONNULL = YES;
				CLANG_ANALYZER_NUMBER_OBJECT_CONVERSION = YES_AGGRESSIVE;
				CLANG_CXX_LANGUAGE_STANDARD = "gnu++20";
				CLANG_ENABLE_MODULES = YES;
				CLANG_ENABLE_OBJC_ARC = YES;
				CLANG_ENABLE_OBJC_WEAK = YES;
				CLANG_WARN_BLOCK_CAPTURE_AUTORELEASING = YES;
				CLANG_WARN_BOOL_CONVERSION = YES;
				CLANG_WARN_COMMA = YES;
				CLANG_WARN_CONSTANT_CONVERSION = YES;
				CLANG_WARN_DEPRECATED_OBJC_IMPLEMENTATIONS = YES;
				CLANG_WARN_DIRECT_OBJC_ISA_USAGE = YES_ERROR;
				CLANG_WARN_DOCUMENTATION_COMMENTS = YES;
				CLANG_WARN_EMPTY_BODY = YES;
				CLANG_WARN_ENUM_CONVERSION = YES;
				CLANG_WARN_INFINITE_RECURSION = YES;
				CLANG_WARN_INT_CONVERSION = YES;
				CLANG_WARN_NON_LITERAL_NULL_CONVERSION = YES;
				CLANG_WARN_OBJC_IMPLICIT_RETAIN_SELF = YES;
				CLANG_WARN_OBJC_LITERAL_CONVERSION = YES;
				CLANG_WARN_OBJC_ROOT_CLASS = YES_ERROR;
				CLANG_WARN_QUOTED_INCLUDE_IN_FRAMEWORK_HEADER = YES;
				CLANG_WARN_RANGE_LOOP_ANALYSIS = YES;
				CLANG_WARN_STRICT_PROTOTYPES = YES;
				CLANG_WARN_SUSPICIOUS_MOVE = YES;
				CLANG_WARN_UNGUARDED_AVAILABILITY = YES_AGGRESSIVE;
				CLANG_WARN_UNREACHABLE_CODE = YES;
				CLANG_WARN__DUPLICATE_METHOD_MATCH = YES;
				COPY_PHASE_STRIP = NO;
				DEBUG_INFORMATION_FORMAT = "dwarf-with-dsym";
				ENABLE_NS_ASSERTIONS = NO;
				ENABLE_STRICT_OBJC_MSGSEND = YES;
				GCC_C_LANGUAGE_STANDARD = gnu11;
				GCC_NO_COMMON_BLOCKS = YES;
				GCC_WARN_64_TO_32_BIT_CONVERSION = YES;
				GCC_WARN_ABOUT_RETURN_TYPE = YES_ERROR;
				GCC_WARN_UNDECLARED_SELECTOR = YES;
				GCC_WARN_UNINITIALIZED_AUTOS = YES_AGGRESSIVE;
				GCC_WARN_UNUSED_FUNCTION = YES;
				GCC_WARN_UNUSED_VARIABLE = YES;
				IPHONEOS_DEPLOYMENT_TARGET = 16.2;
				MTL_ENABLE_DEBUG_INFO = NO;
				MTL_FAST_MATH = YES;
				SDKROOT = iphoneos;
				SWIFT_COMPILATION_MODE = wholemodule;
				SWIFT_OPTIMIZATION_LEVEL = "-O";
				VALIDATE_PRODUCT = YES;
			};
			name = Release;
		};
		0CE9347A29F8708D00BCCAEA /* Debug */ = {
			isa = XCBuildConfiguration;
			buildSettings = {
				ASSETCATALOG_COMPILER_APPICON_NAME = AppIcon;
				ASSETCATALOG_COMPILER_GLOBAL_ACCENT_COLOR_NAME = AccentColor;
				CODE_SIGN_STYLE = Automatic;
				CURRENT_PROJECT_VERSION = 1;
				GENERATE_INFOPLIST_FILE = YES;
				INFOPLIST_FILE = "Netflix-UIKit/Info.plist";
				INFOPLIST_KEY_UIApplicationSupportsIndirectInputEvents = YES;
				INFOPLIST_KEY_UILaunchStoryboardName = LaunchScreen;
				INFOPLIST_KEY_UIMainStoryboardFile = "";
				INFOPLIST_KEY_UISupportedInterfaceOrientations_iPad = "UIInterfaceOrientationPortrait UIInterfaceOrientationPortraitUpsideDown UIInterfaceOrientationLandscapeLeft UIInterfaceOrientationLandscapeRight";
				INFOPLIST_KEY_UISupportedInterfaceOrientations_iPhone = "UIInterfaceOrientationPortrait UIInterfaceOrientationLandscapeLeft UIInterfaceOrientationLandscapeRight";
				LD_RUNPATH_SEARCH_PATHS = (
					"$(inherited)",
					"@executable_path/Frameworks",
				);
				MARKETING_VERSION = 1.0;
				PRODUCT_BUNDLE_IDENTIFIER = "ozgun.Netflix-UIKit";
				PRODUCT_NAME = "$(TARGET_NAME)";
				SWIFT_EMIT_LOC_STRINGS = YES;
				SWIFT_VERSION = 5.0;
				TARGETED_DEVICE_FAMILY = "1,2";
			};
			name = Debug;
		};
		0CE9347B29F8708D00BCCAEA /* Release */ = {
			isa = XCBuildConfiguration;
			buildSettings = {
				ASSETCATALOG_COMPILER_APPICON_NAME = AppIcon;
				ASSETCATALOG_COMPILER_GLOBAL_ACCENT_COLOR_NAME = AccentColor;
				CODE_SIGN_STYLE = Automatic;
				CURRENT_PROJECT_VERSION = 1;
				GENERATE_INFOPLIST_FILE = YES;
				INFOPLIST_FILE = "Netflix-UIKit/Info.plist";
				INFOPLIST_KEY_UIApplicationSupportsIndirectInputEvents = YES;
				INFOPLIST_KEY_UILaunchStoryboardName = LaunchScreen;
				INFOPLIST_KEY_UIMainStoryboardFile = "";
				INFOPLIST_KEY_UISupportedInterfaceOrientations_iPad = "UIInterfaceOrientationPortrait UIInterfaceOrientationPortraitUpsideDown UIInterfaceOrientationLandscapeLeft UIInterfaceOrientationLandscapeRight";
				INFOPLIST_KEY_UISupportedInterfaceOrientations_iPhone = "UIInterfaceOrientationPortrait UIInterfaceOrientationLandscapeLeft UIInterfaceOrientationLandscapeRight";
				LD_RUNPATH_SEARCH_PATHS = (
					"$(inherited)",
					"@executable_path/Frameworks",
				);
				MARKETING_VERSION = 1.0;
				PRODUCT_BUNDLE_IDENTIFIER = "ozgun.Netflix-UIKit";
				PRODUCT_NAME = "$(TARGET_NAME)";
				SWIFT_EMIT_LOC_STRINGS = YES;
				SWIFT_VERSION = 5.0;
				TARGETED_DEVICE_FAMILY = "1,2";
			};
			name = Release;
		};
/* End XCBuildConfiguration section */

/* Begin XCConfigurationList section */
		0CE9346029F8708D00BCCAEA /* Build configuration list for PBXProject "Netflix-UIKit" */ = {
			isa = XCConfigurationList;
			buildConfigurations = (
				0CE9347729F8708D00BCCAEA /* Debug */,
				0CE9347829F8708D00BCCAEA /* Release */,
			);
			defaultConfigurationIsVisible = 0;
			defaultConfigurationName = Release;
		};
		0CE9347929F8708D00BCCAEA /* Build configuration list for PBXNativeTarget "Netflix-UIKit" */ = {
			isa = XCConfigurationList;
			buildConfigurations = (
				0CE9347A29F8708D00BCCAEA /* Debug */,
				0CE9347B29F8708D00BCCAEA /* Release */,
			);
			defaultConfigurationIsVisible = 0;
			defaultConfigurationName = Release;
		};
/* End XCConfigurationList section */

/* Begin XCRemoteSwiftPackageReference section */
		0C0A99982A195B7D00132D3A /* XCRemoteSwiftPackageReference "SDWebImage" */ = {
			isa = XCRemoteSwiftPackageReference;
			repositoryURL = "https://github.com/SDWebImage/SDWebImage.git";
			requirement = {
				kind = upToNextMajorVersion;
				minimumVersion = 5.0.0;
			};
		};
/* End XCRemoteSwiftPackageReference section */

/* Begin XCSwiftPackageProductDependency section */
		0C0A99992A195B7D00132D3A /* SDWebImage */ = {
			isa = XCSwiftPackageProductDependency;
			package = 0C0A99982A195B7D00132D3A /* XCRemoteSwiftPackageReference "SDWebImage" */;
			productName = SDWebImage;
		};
		0C0A999B2A195B7D00132D3A /* SDWebImageMapKit */ = {
			isa = XCSwiftPackageProductDependency;
			package = 0C0A99982A195B7D00132D3A /* XCRemoteSwiftPackageReference "SDWebImage" */;
			productName = SDWebImageMapKit;
		};
/* End XCSwiftPackageProductDependency section */
	};
	rootObject = 0CE9345D29F8708D00BCCAEA /* Project object */;
}
